// !$*UTF8*$!
{
	archiveVersion = 1;
	classes = {
	};
	objectVersion = 48;
	objects = {

/* Begin PBXBuildFile section */
		53D5C66B1FDC48DE0007D08D /* AppDelegate.swift in Sources */ = {isa = PBXBuildFile; fileRef = 53D5C66A1FDC48DE0007D08D /* AppDelegate.swift */; };
		53D5C6701FDC48DE0007D08D /* Main.storyboard in Resources */ = {isa = PBXBuildFile; fileRef = 53D5C66E1FDC48DE0007D08D /* Main.storyboard */; };
		53D5C6721FDC48DE0007D08D /* Assets.xcassets in Resources */ = {isa = PBXBuildFile; fileRef = 53D5C6711FDC48DE0007D08D /* Assets.xcassets */; };
		53D5C6751FDC48DE0007D08D /* LaunchScreen.storyboard in Resources */ = {isa = PBXBuildFile; fileRef = 53D5C6731FDC48DE0007D08D /* LaunchScreen.storyboard */; };
		53D5C6801FDC48DE0007D08D /* CATransitionsTests.swift in Sources */ = {isa = PBXBuildFile; fileRef = 53D5C67F1FDC48DE0007D08D /* CATransitionsTests.swift */; };
		53DEF5DD1FE5905600CA0FAB /* SecondViewController.swift in Sources */ = {isa = PBXBuildFile; fileRef = 53DEF5D81FE5905600CA0FAB /* SecondViewController.swift */; };
		53DEF5DE1FE5905600CA0FAB /* SecondViewController.xib in Resources */ = {isa = PBXBuildFile; fileRef = 53DEF5D91FE5905600CA0FAB /* SecondViewController.xib */; };
		53DEF5DF1FE5905600CA0FAB /* UINavigationController+Extensions.swift in Sources */ = {isa = PBXBuildFile; fileRef = 53DEF5DA1FE5905600CA0FAB /* UINavigationController+Extensions.swift */; };
		53DEF5E01FE5905600CA0FAB /* ViewController.swift in Sources */ = {isa = PBXBuildFile; fileRef = 53DEF5DB1FE5905600CA0FAB /* ViewController.swift */; };
		53DEF5E31FE5924D00CA0FAB /* ThirdViewController.swift in Sources */ = {isa = PBXBuildFile; fileRef = 53DEF5E11FE5924D00CA0FAB /* ThirdViewController.swift */; };
		53DEF5E41FE5924D00CA0FAB /* ThirdViewController.xib in Resources */ = {isa = PBXBuildFile; fileRef = 53DEF5E21FE5924D00CA0FAB /* ThirdViewController.xib */; };
		53DEF5E61FE5960B00CA0FAB /* MyColorHelper.swift in Sources */ = {isa = PBXBuildFile; fileRef = 53DEF5E51FE5960B00CA0FAB /* MyColorHelper.swift */; };
/* End PBXBuildFile section */

/* Begin PBXContainerItemProxy section */
		53D5C67C1FDC48DE0007D08D /* PBXContainerItemProxy */ = {
			isa = PBXContainerItemProxy;
			containerPortal = 53D5C65F1FDC48DE0007D08D /* Project object */;
			proxyType = 1;
			remoteGlobalIDString = 53D5C6661FDC48DE0007D08D;
			remoteInfo = CATransitions;
		};
/* End PBXContainerItemProxy section */

/* Begin PBXFileReference section */
		53D5C6671FDC48DE0007D08D /* CATransitions.app */ = {isa = PBXFileReference; explicitFileType = wrapper.application; includeInIndex = 0; path = CATransitions.app; sourceTree = BUILT_PRODUCTS_DIR; };
		53D5C66A1FDC48DE0007D08D /* AppDelegate.swift */ = {isa = PBXFileReference; lastKnownFileType = sourcecode.swift; path = AppDelegate.swift; sourceTree = "<group>"; };
		53D5C66F1FDC48DE0007D08D /* Base */ = {isa = PBXFileReference; lastKnownFileType = file.storyboard; name = Base; path = Base.lproj/Main.storyboard; sourceTree = "<group>"; };
		53D5C6711FDC48DE0007D08D /* Assets.xcassets */ = {isa = PBXFileReference; lastKnownFileType = folder.assetcatalog; path = Assets.xcassets; sourceTree = "<group>"; };
		53D5C6741FDC48DE0007D08D /* Base */ = {isa = PBXFileReference; lastKnownFileType = file.storyboard; name = Base; path = Base.lproj/LaunchScreen.storyboard; sourceTree = "<group>"; };
		53D5C6761FDC48DE0007D08D /* Info.plist */ = {isa = PBXFileReference; lastKnownFileType = text.plist.xml; path = Info.plist; sourceTree = "<group>"; };
		53D5C67B1FDC48DE0007D08D /* CATransitionsTests.xctest */ = {isa = PBXFileReference; explicitFileType = wrapper.cfbundle; includeInIndex = 0; path = CATransitionsTests.xctest; sourceTree = BUILT_PRODUCTS_DIR; };
		53D5C67F1FDC48DE0007D08D /* CATransitionsTests.swift */ = {isa = PBXFileReference; lastKnownFileType = sourcecode.swift; path = CATransitionsTests.swift; sourceTree = "<group>"; };
		53D5C6811FDC48DE0007D08D /* Info.plist */ = {isa = PBXFileReference; lastKnownFileType = text.plist.xml; path = Info.plist; sourceTree = "<group>"; };
		53DEF5D81FE5905600CA0FAB /* SecondViewController.swift */ = {isa = PBXFileReference; fileEncoding = 4; lastKnownFileType = sourcecode.swift; path = SecondViewController.swift; sourceTree = "<group>"; };
		53DEF5D91FE5905600CA0FAB /* SecondViewController.xib */ = {isa = PBXFileReference; fileEncoding = 4; lastKnownFileType = file.xib; path = SecondViewController.xib; sourceTree = "<group>"; };
		53DEF5DA1FE5905600CA0FAB /* UINavigationController+Extensions.swift */ = {isa = PBXFileReference; fileEncoding = 4; lastKnownFileType = sourcecode.swift; path = "UINavigationController+Extensions.swift"; sourceTree = "<group>"; };
		53DEF5DB1FE5905600CA0FAB /* ViewController.swift */ = {isa = PBXFileReference; fileEncoding = 4; lastKnownFileType = sourcecode.swift; path = ViewController.swift; sourceTree = "<group>"; };
		53DEF5E11FE5924D00CA0FAB /* ThirdViewController.swift */ = {isa = PBXFileReference; lastKnownFileType = sourcecode.swift; path = ThirdViewController.swift; sourceTree = "<group>"; };
		53DEF5E21FE5924D00CA0FAB /* ThirdViewController.xib */ = {isa = PBXFileReference; lastKnownFileType = file.xib; path = ThirdViewController.xib; sourceTree = "<group>"; };
		53DEF5E51FE5960B00CA0FAB /* MyColorHelper.swift */ = {isa = PBXFileReference; lastKnownFileType = sourcecode.swift; path = MyColorHelper.swift; sourceTree = "<group>"; };
/* End PBXFileReference section */

/* Begin PBXFrameworksBuildPhase section */
		53D5C6641FDC48DE0007D08D /* Frameworks */ = {
			isa = PBXFrameworksBuildPhase;
			buildActionMask = 2147483647;
			files = (
			);
			runOnlyForDeploymentPostprocessing = 0;
		};
		53D5C6781FDC48DE0007D08D /* Frameworks */ = {
			isa = PBXFrameworksBuildPhase;
			buildActionMask = 2147483647;
			files = (
			);
			runOnlyForDeploymentPostprocessing = 0;
		};
/* End PBXFrameworksBuildPhase section */

/* Begin PBXGroup section */
		53D5C65E1FDC48DE0007D08D = {
			isa = PBXGroup;
			children = (
				53D5C6691FDC48DE0007D08D /* CATransitions */,
				53D5C67E1FDC48DE0007D08D /* CATransitionsTests */,
				53D5C6681FDC48DE0007D08D /* Products */,
			);
			sourceTree = "<group>";
		};
		53D5C6681FDC48DE0007D08D /* Products */ = {
			isa = PBXGroup;
			children = (
				53D5C6671FDC48DE0007D08D /* CATransitions.app */,
				53D5C67B1FDC48DE0007D08D /* CATransitionsTests.xctest */,
			);
			name = Products;
			sourceTree = "<group>";
		};
		53D5C6691FDC48DE0007D08D /* CATransitions */ = {
			isa = PBXGroup;
			children = (
				53DEF5D71FE5905600CA0FAB /* NavigationAnimation */,
				53DEF5DC1FE5905600CA0FAB /* PresentAnimations */,
				53D5C66A1FDC48DE0007D08D /* AppDelegate.swift */,
				53D5C66E1FDC48DE0007D08D /* Main.storyboard */,
				53D5C6711FDC48DE0007D08D /* Assets.xcassets */,
				53D5C6731FDC48DE0007D08D /* LaunchScreen.storyboard */,
				53D5C6761FDC48DE0007D08D /* Info.plist */,
				53DEF5E51FE5960B00CA0FAB /* MyColorHelper.swift */,
			);
			path = CATransitions;
			sourceTree = "<group>";
		};
		53D5C67E1FDC48DE0007D08D /* CATransitionsTests */ = {
			isa = PBXGroup;
			children = (
				53D5C67F1FDC48DE0007D08D /* CATransitionsTests.swift */,
				53D5C6811FDC48DE0007D08D /* Info.plist */,
			);
			path = CATransitionsTests;
			sourceTree = "<group>";
		};
		53DEF5D71FE5905600CA0FAB /* NavigationAnimation */ = {
			isa = PBXGroup;
			children = (
				53DEF5D81FE5905600CA0FAB /* SecondViewController.swift */,
				53DEF5D91FE5905600CA0FAB /* SecondViewController.xib */,
				53DEF5DA1FE5905600CA0FAB /* UINavigationController+Extensions.swift */,
				53DEF5DB1FE5905600CA0FAB /* ViewController.swift */,
			);
			path = NavigationAnimation;
			sourceTree = "<group>";
		};
		53DEF5DC1FE5905600CA0FAB /* PresentAnimations */ = {
			isa = PBXGroup;
			children = (
				53DEF5E11FE5924D00CA0FAB /* ThirdViewController.swift */,
				53DEF5E21FE5924D00CA0FAB /* ThirdViewController.xib */,
			);
			path = PresentAnimations;
			sourceTree = "<group>";
		};
/* End PBXGroup section */

/* Begin PBXNativeTarget section */
		53D5C6661FDC48DE0007D08D /* CATransitions */ = {
			isa = PBXNativeTarget;
			buildConfigurationList = 53D5C6841FDC48DE0007D08D /* Build configuration list for PBXNativeTarget "CATransitions" */;
			buildPhases = (
				53D5C6631FDC48DE0007D08D /* Sources */,
				53D5C6641FDC48DE0007D08D /* Frameworks */,
				53D5C6651FDC48DE0007D08D /* Resources */,
			);
			buildRules = (
			);
			dependencies = (
			);
			name = CATransitions;
			productName = CATransitions;
			productReference = 53D5C6671FDC48DE0007D08D /* CATransitions.app */;
			productType = "com.apple.product-type.application";
		};
		53D5C67A1FDC48DE0007D08D /* CATransitionsTests */ = {
			isa = PBXNativeTarget;
			buildConfigurationList = 53D5C6871FDC48DE0007D08D /* Build configuration list for PBXNativeTarget "CATransitionsTests" */;
			buildPhases = (
				53D5C6771FDC48DE0007D08D /* Sources */,
				53D5C6781FDC48DE0007D08D /* Frameworks */,
				53D5C6791FDC48DE0007D08D /* Resources */,
			);
			buildRules = (
			);
			dependencies = (
				53D5C67D1FDC48DE0007D08D /* PBXTargetDependency */,
			);
			name = CATransitionsTests;
			productName = CATransitionsTests;
			productReference = 53D5C67B1FDC48DE0007D08D /* CATransitionsTests.xctest */;
			productType = "com.apple.product-type.bundle.unit-test";
		};
/* End PBXNativeTarget section */

/* Begin PBXProject section */
		53D5C65F1FDC48DE0007D08D /* Project object */ = {
			isa = PBXProject;
			attributes = {
				LastSwiftUpdateCheck = 0900;
				LastUpgradeCheck = 0900;
				ORGANIZATIONNAME = "Mansi Shah";
				TargetAttributes = {
					53D5C6661FDC48DE0007D08D = {
						CreatedOnToolsVersion = 9.0;
						ProvisioningStyle = Automatic;
					};
					53D5C67A1FDC48DE0007D08D = {
						CreatedOnToolsVersion = 9.0;
						ProvisioningStyle = Automatic;
						TestTargetID = 53D5C6661FDC48DE0007D08D;
					};
				};
			};
			buildConfigurationList = 53D5C6621FDC48DE0007D08D /* Build configuration list for PBXProject "CATransitions" */;
			compatibilityVersion = "Xcode 8.0";
			developmentRegion = en;
			hasScannedForEncodings = 0;
			knownRegions = (
				en,
				Base,
			);
			mainGroup = 53D5C65E1FDC48DE0007D08D;
			productRefGroup = 53D5C6681FDC48DE0007D08D /* Products */;
			projectDirPath = "";
			projectRoot = "";
			targets = (
				53D5C6661FDC48DE0007D08D /* CATransitions */,
				53D5C67A1FDC48DE0007D08D /* CATransitionsTests */,
			);
		};
/* End PBXProject section */

/* Begin PBXResourcesBuildPhase section */
		53D5C6651FDC48DE0007D08D /* Resources */ = {
			isa = PBXResourcesBuildPhase;
			buildActionMask = 2147483647;
			files = (
				53DEF5DE1FE5905600CA0FAB /* SecondViewController.xib in Resources */,
				53D5C6751FDC48DE0007D08D /* LaunchScreen.storyboard in Resources */,
				53D5C6721FDC48DE0007D08D /* Assets.xcassets in Resources */,
				53DEF5E41FE5924D00CA0FAB /* ThirdViewController.xib in Resources */,
				53D5C6701FDC48DE0007D08D /* Main.storyboard in Resources */,
			);
			runOnlyForDeploymentPostprocessing = 0;
		};
		53D5C6791FDC48DE0007D08D /* Resources */ = {
			isa = PBXResourcesBuildPhase;
			buildActionMask = 2147483647;
			files = (
			);
			runOnlyForDeploymentPostprocessing = 0;
		};
/* End PBXResourcesBuildPhase section */

/* Begin PBXSourcesBuildPhase section */
		53D5C6631FDC48DE0007D08D /* Sources */ = {
			isa = PBXSourcesBuildPhase;
			buildActionMask = 2147483647;
			files = (
				53DEF5DD1FE5905600CA0FAB /* SecondViewController.swift in Sources */,
				53DEF5DF1FE5905600CA0FAB /* UINavigationController+Extensions.swift in Sources */,
				53DEF5E31FE5924D00CA0FAB /* ThirdViewController.swift in Sources */,
				53DEF5E01FE5905600CA0FAB /* ViewController.swift in Sources */,
				53D5C66B1FDC48DE0007D08D /* AppDelegate.swift in Sources */,
				53DEF5E61FE5960B00CA0FAB /* MyColorHelper.swift in Sources */,
			);
			runOnlyForDeploymentPostprocessing = 0;
		};
		53D5C6771FDC48DE0007D08D /* Sources */ = {
			isa = PBXSourcesBuildPhase;
			buildActionMask = 2147483647;
			files = (
				53D5C6801FDC48DE0007D08D /* CATransitionsTests.swift in Sources */,
			);
			runOnlyForDeploymentPostprocessing = 0;
		};
/* End PBXSourcesBuildPhase section */

/* Begin PBXTargetDependency section */
		53D5C67D1FDC48DE0007D08D /* PBXTargetDependency */ = {
			isa = PBXTargetDependency;
			target = 53D5C6661FDC48DE0007D08D /* CATransitions */;
			targetProxy = 53D5C67C1FDC48DE0007D08D /* PBXContainerItemProxy */;
		};
/* End PBXTargetDependency section */

/* Begin PBXVariantGroup section */
		53D5C66E1FDC48DE0007D08D /* Main.storyboard */ = {
			isa = PBXVariantGroup;
			children = (
				53D5C66F1FDC48DE0007D08D /* Base */,
			);
			name = Main.storyboard;
			sourceTree = "<group>";
		};
		53D5C6731FDC48DE0007D08D /* LaunchScreen.storyboard */ = {
			isa = PBXVariantGroup;
			children = (
				53D5C6741FDC48DE0007D08D /* Base */,
			);
			name = LaunchScreen.storyboard;
			sourceTree = "<group>";
		};
/* End PBXVariantGroup section */

/* Begin XCBuildConfiguration section */
		53D5C6821FDC48DE0007D08D /* Debug */ = {
			isa = XCBuildConfiguration;
			buildSettings = {
				ALWAYS_SEARCH_USER_PATHS = NO;
				CLANG_ANALYZER_NONNULL = YES;
				CLANG_ANALYZER_NUMBER_OBJECT_CONVERSION = YES_AGGRESSIVE;
				CLANG_CXX_LANGUAGE_STANDARD = "gnu++14";
				CLANG_CXX_LIBRARY = "libc++";
				CLANG_ENABLE_MODULES = YES;
				CLANG_ENABLE_OBJC_ARC = YES;
				CLANG_WARN_BLOCK_CAPTURE_AUTORELEASING = YES;
				CLANG_WARN_BOOL_CONVERSION = YES;
				CLANG_WARN_COMMA = YES;
				CLANG_WARN_CONSTANT_CONVERSION = YES;
				CLANG_WARN_DIRECT_OBJC_ISA_USAGE = YES_ERROR;
				CLANG_WARN_DOCUMENTATION_COMMENTS = YES;
				CLANG_WARN_EMPTY_BODY = YES;
				CLANG_WARN_ENUM_CONVERSION = YES;
				CLANG_WARN_INFINITE_RECURSION = YES;
				CLANG_WARN_INT_CONVERSION = YES;
				CLANG_WARN_NON_LITERAL_NULL_CONVERSION = YES;
				CLANG_WARN_OBJC_LITERAL_CONVERSION = YES;
				CLANG_WARN_OBJC_ROOT_CLASS = YES_ERROR;
				CLANG_WARN_RANGE_LOOP_ANALYSIS = YES;
				CLANG_WARN_STRICT_PROTOTYPES = YES;
				CLANG_WARN_SUSPICIOUS_MOVE = YES;
				CLANG_WARN_UNGUARDED_AVAILABILITY = YES_AGGRESSIVE;
				CLANG_WARN_UNREACHABLE_CODE = YES;
				CLANG_WARN__DUPLICATE_METHOD_MATCH = YES;
				CODE_SIGN_IDENTITY = "iPhone Developer";
				COPY_PHASE_STRIP = NO;
				DEBUG_INFORMATION_FORMAT = dwarf;
				ENABLE_STRICT_OBJC_MSGSEND = YES;
				ENABLE_TESTABILITY = YES;
				GCC_C_LANGUAGE_STANDARD = gnu11;
				GCC_DYNAMIC_NO_PIC = NO;
				GCC_NO_COMMON_BLOCKS = YES;
				GCC_OPTIMIZATION_LEVEL = 0;
				GCC_PREPROCESSOR_DEFINITIONS = (
					"DEBUG=1",
					"$(inherited)",
				);
				GCC_WARN_64_TO_32_BIT_CONVERSION = YES;
				GCC_WARN_ABOUT_RETURN_TYPE = YES_ERROR;
				GCC_WARN_UNDECLARED_SELECTOR = YES;
				GCC_WARN_UNINITIALIZED_AUTOS = YES_AGGRESSIVE;
				GCC_WARN_UNUSED_FUNCTION = YES;
				GCC_WARN_UNUSED_VARIABLE = YES;
				IPHONEOS_DEPLOYMENT_TARGET = 11.0;
				MTL_ENABLE_DEBUG_INFO = YES;
				ONLY_ACTIVE_ARCH = YES;
				SDKROOT = iphoneos;
				SWIFT_ACTIVE_COMPILATION_CONDITIONS = DEBUG;
				SWIFT_OPTIMIZATION_LEVEL = "-Onone";
			};
			name = Debug;
		};
		53D5C6831FDC48DE0007D08D /* Release */ = {
			isa = XCBuildConfiguration;
			buildSettings = {
				ALWAYS_SEARCH_USER_PATHS = NO;
				CLANG_ANALYZER_NONNULL = YES;
				CLANG_ANALYZER_NUMBER_OBJECT_CONVERSION = YES_AGGRESSIVE;
				CLANG_CXX_LANGUAGE_STANDARD = "gnu++14";
				CLANG_CXX_LIBRARY = "libc++";
				CLANG_ENABLE_MODULES = YES;
				CLANG_ENABLE_OBJC_ARC = YES;
				CLANG_WARN_BLOCK_CAPTURE_AUTORELEASING = YES;
				CLANG_WARN_BOOL_CONVERSION = YES;
				CLANG_WARN_COMMA = YES;
				CLANG_WARN_CONSTANT_CONVERSION = YES;
				CLANG_WARN_DIRECT_OBJC_ISA_USAGE = YES_ERROR;
				CLANG_WARN_DOCUMENTATION_COMMENTS = YES;
				CLANG_WARN_EMPTY_BODY = YES;
				CLANG_WARN_ENUM_CONVERSION = YES;
				CLANG_WARN_INFINITE_RECURSION = YES;
				CLANG_WARN_INT_CONVERSION = YES;
				CLANG_WARN_NON_LITERAL_NULL_CONVERSION = YES;
				CLANG_WARN_OBJC_LITERAL_CONVERSION = YES;
				CLANG_WARN_OBJC_ROOT_CLASS = YES_ERROR;
				CLANG_WARN_RANGE_LOOP_ANALYSIS = YES;
				CLANG_WARN_STRICT_PROTOTYPES = YES;
				CLANG_WARN_SUSPICIOUS_MOVE = YES;
				CLANG_WARN_UNGUARDED_AVAILABILITY = YES_AGGRESSIVE;
				CLANG_WARN_UNREACHABLE_CODE = YES;
				CLANG_WARN__DUPLICATE_METHOD_MATCH = YES;
				CODE_SIGN_IDENTITY = "iPhone Developer";
				COPY_PHASE_STRIP = NO;
				DEBUG_INFORMATION_FORMAT = "dwarf-with-dsym";
				ENABLE_NS_ASSERTIONS = NO;
				ENABLE_STRICT_OBJC_MSGSEND = YES;
				GCC_C_LANGUAGE_STANDARD = gnu11;
				GCC_NO_COMMON_BLOCKS = YES;
				GCC_WARN_64_TO_32_BIT_CONVERSION = YES;
				GCC_WARN_ABOUT_RETURN_TYPE = YES_ERROR;
				GCC_WARN_UNDECLARED_SELECTOR = YES;
				GCC_WARN_UNINITIALIZED_AUTOS = YES_AGGRESSIVE;
				GCC_WARN_UNUSED_FUNCTION = YES;
				GCC_WARN_UNUSED_VARIABLE = YES;
				IPHONEOS_DEPLOYMENT_TARGET = 11.0;
				MTL_ENABLE_DEBUG_INFO = NO;
				SDKROOT = iphoneos;
				SWIFT_OPTIMIZATION_LEVEL = "-Owholemodule";
				VALIDATE_PRODUCT = YES;
			};
			name = Release;
		};
		53D5C6851FDC48DE0007D08D /* Debug */ = {
			isa = XCBuildConfiguration;
			buildSettings = {
				ASSETCATALOG_COMPILER_APPICON_NAME = AppIcon;
				CODE_SIGN_STYLE = Automatic;
				DEVELOPMENT_TEAM = 523J23PH37;
				INFOPLIST_FILE = CATransitions/Info.plist;
				LD_RUNPATH_SEARCH_PATHS = "$(inherited) @executable_path/Frameworks";
				PRODUCT_BUNDLE_IDENTIFIER = com.cherry.CATransitions;
				PRODUCT_NAME = "$(TARGET_NAME)";
				SWIFT_VERSION = 4.0;
				TARGETED_DEVICE_FAMILY = "1,2";
			};
			name = Debug;
		};
		53D5C6861FDC48DE0007D08D /* Release */ = {
			isa = XCBuildConfiguration;
			buildSettings = {
				ASSETCATALOG_COMPILER_APPICON_NAME = AppIcon;
				CODE_SIGN_STYLE = Automatic;
				DEVELOPMENT_TEAM = 523J23PH37;
				INFOPLIST_FILE = CATransitions/Info.plist;
				LD_RUNPATH_SEARCH_PATHS = "$(inherited) @executable_path/Frameworks";
				PRODUCT_BUNDLE_IDENTIFIER = com.cherry.CATransitions;
				PRODUCT_NAME = "$(TARGET_NAME)";
				SWIFT_VERSION = 4.0;
				TARGETED_DEVICE_FAMILY = "1,2";
			};
			name = Release;
		};
		53D5C6881FDC48DE0007D08D /* Debug */ = {
			isa = XCBuildConfiguration;
			buildSettings = {
				ALWAYS_EMBED_SWIFT_STANDARD_LIBRARIES = YES;
				BUNDLE_LOADER = "$(TEST_HOST)";
				CODE_SIGN_STYLE = Automatic;
				DEVELOPMENT_TEAM = 523J23PH37;
				INFOPLIST_FILE = CATransitionsTests/Info.plist;
				LD_RUNPATH_SEARCH_PATHS = "$(inherited) @executable_path/Frameworks @loader_path/Frameworks";
				PRODUCT_BUNDLE_IDENTIFIER = com.cherry.CATransitionsTests;
				PRODUCT_NAME = "$(TARGET_NAME)";
				SWIFT_VERSION = 4.0;
				TARGETED_DEVICE_FAMILY = "1,2";
				TEST_HOST = "$(BUILT_PRODUCTS_DIR)/CATransitions.app/CATransitions";
			};
			name = Debug;
		};
		53D5C6891FDC48DE0007D08D /* Release */ = {
			isa = XCBuildConfiguration;
			buildSettings = {
				ALWAYS_EMBED_SWIFT_STANDARD_LIBRARIES = YES;
				BUNDLE_LOADER = "$(TEST_HOST)";
				CODE_SIGN_STYLE = Automatic;
				DEVELOPMENT_TEAM = 523J23PH37;
				INFOPLIST_FILE = CATransitionsTests/Info.plist;
				LD_RUNPATH_SEARCH_PATHS = "$(inherited) @executable_path/Frameworks @loader_path/Frameworks";
				PRODUCT_BUNDLE_IDENTIFIER = com.cherry.CATransitionsTests;
				PRODUCT_NAME = "$(TARGET_NAME)";
				SWIFT_VERSION = 4.0;
				TARGETED_DEVICE_FAMILY = "1,2";
				TEST_HOST = "$(BUILT_PRODUCTS_DIR)/CATransitions.app/CATransitions";
			};
			name = Release;
		};
/* End XCBuildConfiguration section */

/* Begin XCConfigurationList section */
		53D5C6621FDC48DE0007D08D /* Build configuration list for PBXProject "CATransitions" */ = {
			isa = XCConfigurationList;
			buildConfigurations = (
				53D5C6821FDC48DE0007D08D /* Debug */,
				53D5C6831FDC48DE0007D08D /* Release */,
			);
			defaultConfigurationIsVisible = 0;
			defaultConfigurationName = Release;
		};
		53D5C6841FDC48DE0007D08D /* Build configuration list for PBXNativeTarget "CATransitions" */ = {
			isa = XCConfigurationList;
			buildConfigurations = (
				53D5C6851FDC48DE0007D08D /* Debug */,
				53D5C6861FDC48DE0007D08D /* Release */,
			);
			defaultConfigurationIsVisible = 0;
			defaultConfigurationName = Release;
		};
		53D5C6871FDC48DE0007D08D /* Build configuration list for PBXNativeTarget "CATransitionsTests" */ = {
			isa = XCConfigurationList;
			buildConfigurations = (
				53D5C6881FDC48DE0007D08D /* Debug */,
				53D5C6891FDC48DE0007D08D /* Release */,
			);
			defaultConfigurationIsVisible = 0;
			defaultConfigurationName = Release;
		};
/* End XCConfigurationList section */
	};
	rootObject = 53D5C65F1FDC48DE0007D08D /* Project object */;
}
